// !$*UTF8*$!
{
	archiveVersion = 1;
	classes = {
	};
	objectVersion = 56;
	objects = {

/* Begin PBXBuildFile section */
		970EECC82B2FD40A009D53C7 /* ProductDetailView.xib in Resources */ = {isa = PBXBuildFile; fileRef = 970EECC72B2FD40A009D53C7 /* ProductDetailView.xib */; };
		970EECCA2B310715009D53C7 /* Product.swift in Sources */ = {isa = PBXBuildFile; fileRef = 970EECC92B310715009D53C7 /* Product.swift */; };
		970EECCC2B310AC0009D53C7 /* ProductImage.swift in Sources */ = {isa = PBXBuildFile; fileRef = 970EECCB2B310AC0009D53C7 /* ProductImage.swift */; };
		970EECCE2B310AF5009D53C7 /* ProductVariant.swift in Sources */ = {isa = PBXBuildFile; fileRef = 970EECCD2B310AF5009D53C7 /* ProductVariant.swift */; };
		970EECD02B310D50009D53C7 /* ItemViewModel.swift in Sources */ = {isa = PBXBuildFile; fileRef = 970EECCF2B310D4F009D53C7 /* ItemViewModel.swift */; };
		970EECD22B31AF6D009D53C7 /* Products.swift in Sources */ = {isa = PBXBuildFile; fileRef = 970EECD12B31AF6D009D53C7 /* Products.swift */; };
		970EECD42B31AF8A009D53C7 /* ProductOption.swift in Sources */ = {isa = PBXBuildFile; fileRef = 970EECD32B31AF8A009D53C7 /* ProductOption.swift */; };
		970EECD72B33304C009D53C7 /* ImageCell.swift in Sources */ = {isa = PBXBuildFile; fileRef = 970EECD52B33304C009D53C7 /* ImageCell.swift */; };
		970EECD82B33304C009D53C7 /* ImageCell.xib in Resources */ = {isa = PBXBuildFile; fileRef = 970EECD62B33304C009D53C7 /* ImageCell.xib */; };
		970EECDC2B338DA2009D53C7 /* Collection.swift in Sources */ = {isa = PBXBuildFile; fileRef = 970EECDB2B338DA2009D53C7 /* Collection.swift */; };
		970EECDE2B33A649009D53C7 /* CollectionsAPI.swift in Sources */ = {isa = PBXBuildFile; fileRef = 970EECDD2B33A649009D53C7 /* CollectionsAPI.swift */; };
		970EECE02B33ABFF009D53C7 /* CollectionsAPIServiceAdapter.swift in Sources */ = {isa = PBXBuildFile; fileRef = 970EECDF2B33ABFF009D53C7 /* CollectionsAPIServiceAdapter.swift */; };
		970EECE72B33AE3A009D53C7 /* CollectionCell.swift in Sources */ = {isa = PBXBuildFile; fileRef = 970EECE52B33AE3A009D53C7 /* CollectionCell.swift */; };
		970EECE82B33AE3A009D53C7 /* CollectionCell.xib in Resources */ = {isa = PBXBuildFile; fileRef = 970EECE62B33AE3A009D53C7 /* CollectionCell.xib */; };
		972FABDB2B3B806B0017114A /* ProfileView.xib in Resources */ = {isa = PBXBuildFile; fileRef = 972FABDA2B3B806B0017114A /* ProfileView.xib */; };
		972FABDD2B3B8FB30017114A /* ProfileView.swift in Sources */ = {isa = PBXBuildFile; fileRef = 972FABDC2B3B8FB30017114A /* ProfileView.swift */; };
		972FABDF2B3C9A9F0017114A /* Order.swift in Sources */ = {isa = PBXBuildFile; fileRef = 972FABDE2B3C9A9F0017114A /* Order.swift */; };
		972FABE12B3C9B680017114A /* List.swift in Sources */ = {isa = PBXBuildFile; fileRef = 972FABE02B3C9B680017114A /* List.swift */; };
		972FABE52B3C9F070017114A /* OrdersViewModel.swift in Sources */ = {isa = PBXBuildFile; fileRef = 972FABE42B3C9F070017114A /* OrdersViewModel.swift */; };
		972FABE72B3D0B710017114A /* ListsViewModel.swift in Sources */ = {isa = PBXBuildFile; fileRef = 972FABE62B3D0B710017114A /* ListsViewModel.swift */; };
		972FABE92B3DEA8B0017114A /* ViewController.swift in Sources */ = {isa = PBXBuildFile; fileRef = 972FABE82B3DEA8B0017114A /* ViewController.swift */; };
		972FABEB2B3DEAFC0017114A /* UIView.swift in Sources */ = {isa = PBXBuildFile; fileRef = 972FABEA2B3DEAFC0017114A /* UIView.swift */; };
		972FAC142B3E456B0017114A /* OrdersViewController.swift in Sources */ = {isa = PBXBuildFile; fileRef = 972FAC122B3E456A0017114A /* OrdersViewController.swift */; };
		972FAC152B3E456B0017114A /* OrdersViewController.xib in Resources */ = {isa = PBXBuildFile; fileRef = 972FAC132B3E456A0017114A /* OrdersViewController.xib */; };
		972FAC1A2B3E465F0017114A /* OrderCellView.swift in Sources */ = {isa = PBXBuildFile; fileRef = 972FAC182B3E465F0017114A /* OrderCellView.swift */; };
		972FAC1B2B3E465F0017114A /* OrderCellView.xib in Resources */ = {isa = PBXBuildFile; fileRef = 972FAC192B3E465F0017114A /* OrderCellView.xib */; };
		972FAC1E2B3E50530017114A /* OrdersTableViewDelegate.swift in Sources */ = {isa = PBXBuildFile; fileRef = 972FAC1D2B3E50530017114A /* OrdersTableViewDelegate.swift */; };
		972FAC202B3E51210017114A /* OrdersControllerPresenter.swift in Sources */ = {isa = PBXBuildFile; fileRef = 972FAC1F2B3E51210017114A /* OrdersControllerPresenter.swift */; };
		972FAC252B3E52CE0017114A /* OrderDetailViewController.swift in Sources */ = {isa = PBXBuildFile; fileRef = 972FAC232B3E52CE0017114A /* OrderDetailViewController.swift */; };
		972FAC262B3E52CE0017114A /* OrderDetailViewController.xib in Resources */ = {isa = PBXBuildFile; fileRef = 972FAC242B3E52CE0017114A /* OrderDetailViewController.xib */; };
		972FAC282B3E5F570017114A /* OrderCollectionDelegate.swift in Sources */ = {isa = PBXBuildFile; fileRef = 972FAC272B3E5F570017114A /* OrderCollectionDelegate.swift */; };
		9737E73D2B29237000735A72 /* CartViewController.swift in Sources */ = {isa = PBXBuildFile; fileRef = 9737E73B2B29237000735A72 /* CartViewController.swift */; };
		9737E73E2B29237000735A72 /* CartView.xib in Resources */ = {isa = PBXBuildFile; fileRef = 9737E73C2B29237000735A72 /* CartView.xib */; };
		9737E7402B292F4700735A72 /* CartViewController+TableView.swift in Sources */ = {isa = PBXBuildFile; fileRef = 9737E73F2B292F4700735A72 /* CartViewController+TableView.swift */; };
		973CEA482B2796BD00E0487D /* Main.storyboard in Resources */ = {isa = PBXBuildFile; fileRef = 973CEA472B2796BD00E0487D /* Main.storyboard */; };
		973CEA4D2B27E48100E0487D /* ProductDetailView.swift in Sources */ = {isa = PBXBuildFile; fileRef = 973CEA4C2B27E48100E0487D /* ProductDetailView.swift */; };
		973CEA4F2B27F6F600E0487D /* ProductsViewModel.swift in Sources */ = {isa = PBXBuildFile; fileRef = 973CEA4E2B27F6F600E0487D /* ProductsViewModel.swift */; };
		973CEA522B28D1D900E0487D /* CartCellView.swift in Sources */ = {isa = PBXBuildFile; fileRef = 973CEA502B28D1D900E0487D /* CartCellView.swift */; };
		973CEA532B28D1D900E0487D /* CartCellView.xib in Resources */ = {isa = PBXBuildFile; fileRef = 973CEA512B28D1D900E0487D /* CartCellView.xib */; };
		974DF5C72B345F5300786FC2 /* ProductsCollectionDataSourceAndDelegate.swift in Sources */ = {isa = PBXBuildFile; fileRef = 974DF5C62B345F5300786FC2 /* ProductsCollectionDataSourceAndDelegate.swift */; };
		974DF5CA2B3476BA00786FC2 /* ParentControllerPresenter.swift in Sources */ = {isa = PBXBuildFile; fileRef = 974DF5C92B3476BA00786FC2 /* ParentControllerPresenter.swift */; };
		974DF5CE2B34848500786FC2 /* HomeView.xib in Resources */ = {isa = PBXBuildFile; fileRef = 974DF5CD2B34848500786FC2 /* HomeView.xib */; };
		974DF5D42B34A03C00786FC2 /* HomeViewController+SearchController.swift in Sources */ = {isa = PBXBuildFile; fileRef = 974DF5D32B34A03C00786FC2 /* HomeViewController+SearchController.swift */; };
		974DF5D62B34A77D00786FC2 /* CategoriesCollectionDelegate.swift in Sources */ = {isa = PBXBuildFile; fileRef = 974DF5D52B34A77D00786FC2 /* CategoriesCollectionDelegate.swift */; };
		974DF5D82B34AB2900786FC2 /* HomeViewController+CategoriesCollection.swift in Sources */ = {isa = PBXBuildFile; fileRef = 974DF5D72B34AB2900786FC2 /* HomeViewController+CategoriesCollection.swift */; };
		974DF5DA2B34AB8F00786FC2 /* HomeViewController+ProductsCollection.swift in Sources */ = {isa = PBXBuildFile; fileRef = 974DF5D92B34AB8F00786FC2 /* HomeViewController+ProductsCollection.swift */; };
		974DF5DC2B34AF4400786FC2 /* CategoriesView.xib in Resources */ = {isa = PBXBuildFile; fileRef = 974DF5DB2B34AF4400786FC2 /* CategoriesView.xib */; };
		974DF5DF2B34B44700786FC2 /* CategoriesCollectionDataSourceAndDelegate.swift in Sources */ = {isa = PBXBuildFile; fileRef = 974DF5DE2B34B44700786FC2 /* CategoriesCollectionDataSourceAndDelegate.swift */; };
		974DF5E12B34B4D700786FC2 /* CategoriesPresenter.swift in Sources */ = {isa = PBXBuildFile; fileRef = 974DF5E02B34B4D700786FC2 /* CategoriesPresenter.swift */; };
		974DF5E42B350AA500786FC2 /* CategoryView.xib in Resources */ = {isa = PBXBuildFile; fileRef = 974DF5E32B350AA500786FC2 /* CategoryView.xib */; };
		974DF5E72B350ED000786FC2 /* CategoryViewController+SearchBar.swift in Sources */ = {isa = PBXBuildFile; fileRef = 974DF5E62B350ED000786FC2 /* CategoryViewController+SearchBar.swift */; };
		974DF5E92B350F1300786FC2 /* CategoryViewController+Collection.swift in Sources */ = {isa = PBXBuildFile; fileRef = 974DF5E82B350F1300786FC2 /* CategoryViewController+Collection.swift */; };
		9758B9F22B211B9500F4E8F4 /* HomeViewController.swift in Sources */ = {isa = PBXBuildFile; fileRef = 9758B9F12B211B9500F4E8F4 /* HomeViewController.swift */; };
		9758B9F62B211BBD00F4E8F4 /* ProfileViewController.swift in Sources */ = {isa = PBXBuildFile; fileRef = 9758B9F52B211BBD00F4E8F4 /* ProfileViewController.swift */; };
		9758B9FA2B211C9700F4E8F4 /* CategoriesViewController.swift in Sources */ = {isa = PBXBuildFile; fileRef = 9758B9F92B211C9700F4E8F4 /* CategoriesViewController.swift */; };
		9758B9FE2B22B53500F4E8F4 /* ProductCell.swift in Sources */ = {isa = PBXBuildFile; fileRef = 9758B9FD2B22B53500F4E8F4 /* ProductCell.swift */; };
		9758BA022B23D59000F4E8F4 /* ProductsAPI.swift in Sources */ = {isa = PBXBuildFile; fileRef = 9758BA012B23D59000F4E8F4 /* ProductsAPI.swift */; };
		9758BA042B23DC9F00F4E8F4 /* Helpers.swift in Sources */ = {isa = PBXBuildFile; fileRef = 9758BA032B23DC9F00F4E8F4 /* Helpers.swift */; };
		9758BA062B23DDBC00F4E8F4 /* Constants.swift in Sources */ = {isa = PBXBuildFile; fileRef = 9758BA052B23DDBC00F4E8F4 /* Constants.swift */; };
		9758BA0A2B23F67C00F4E8F4 /* CategoryViewController.swift in Sources */ = {isa = PBXBuildFile; fileRef = 9758BA092B23F67C00F4E8F4 /* CategoryViewController.swift */; };
		9758BA0C2B24AB3400F4E8F4 /* ProductsService.swift in Sources */ = {isa = PBXBuildFile; fileRef = 9758BA0B2B24AB3400F4E8F4 /* ProductsService.swift */; };
		9758BA0E2B24ABBB00F4E8F4 /* ProductsAPIServiceAdapter.swift in Sources */ = {isa = PBXBuildFile; fileRef = 9758BA0D2B24ABBB00F4E8F4 /* ProductsAPIServiceAdapter.swift */; };
		9758BA132B24CA7C00F4E8F4 /* SDWebImage in Frameworks */ = {isa = PBXBuildFile; productRef = 9758BA122B24CA7C00F4E8F4 /* SDWebImage */; };
		9758BA1C2B251EB200F4E8F4 /* ProductViewController.swift in Sources */ = {isa = PBXBuildFile; fileRef = 9758BA1B2B251EB200F4E8F4 /* ProductViewController.swift */; };
		9790F8E32B3F0A5400597A50 /* OrderCollectionCell.swift in Sources */ = {isa = PBXBuildFile; fileRef = 9790F8E12B3F0A5400597A50 /* OrderCollectionCell.swift */; };
		9790F8E42B3F0A5400597A50 /* OrderCollectionCell.xib in Resources */ = {isa = PBXBuildFile; fileRef = 9790F8E22B3F0A5400597A50 /* OrderCollectionCell.xib */; };
		9790F8E62B3F109900597A50 /* OrdersCollectionViewDelegate.swift in Sources */ = {isa = PBXBuildFile; fileRef = 9790F8E52B3F109900597A50 /* OrdersCollectionViewDelegate.swift */; };
		9790F8F22B3F25A500597A50 /* ProfileViewPresenter.swift in Sources */ = {isa = PBXBuildFile; fileRef = 9790F8F12B3F25A500597A50 /* ProfileViewPresenter.swift */; };
		9790F8F52B3FB44B00597A50 /* ItemCell.swift in Sources */ = {isa = PBXBuildFile; fileRef = 9790F8F32B3FB44B00597A50 /* ItemCell.swift */; };
		9790F8F62B3FB44B00597A50 /* ItemCell.xib in Resources */ = {isa = PBXBuildFile; fileRef = 9790F8F42B3FB44B00597A50 /* ItemCell.xib */; };
		97B38FFD2B1F845900EB90EA /* AppDelegate.swift in Sources */ = {isa = PBXBuildFile; fileRef = 97B38FFC2B1F845900EB90EA /* AppDelegate.swift */; };
		97B38FFF2B1F845900EB90EA /* SceneDelegate.swift in Sources */ = {isa = PBXBuildFile; fileRef = 97B38FFE2B1F845900EB90EA /* SceneDelegate.swift */; };
		97B390062B1F845B00EB90EA /* Assets.xcassets in Resources */ = {isa = PBXBuildFile; fileRef = 97B390052B1F845B00EB90EA /* Assets.xcassets */; };
		97B390092B1F845B00EB90EA /* LaunchScreen.storyboard in Resources */ = {isa = PBXBuildFile; fileRef = 97B390072B1F845B00EB90EA /* LaunchScreen.storyboard */; };
		97B390112B1F857000EB90EA /* MainTabBarController.swift in Sources */ = {isa = PBXBuildFile; fileRef = 97B390102B1F857000EB90EA /* MainTabBarController.swift */; };
		97B390132B1F92BB00EB90EA /* Observable.swift in Sources */ = {isa = PBXBuildFile; fileRef = 97B390122B1F92BB00EB90EA /* Observable.swift */; };
		97E7A4342B37749B00A1C20E /* WishListViewController.swift in Sources */ = {isa = PBXBuildFile; fileRef = 97E7A4332B37749B00A1C20E /* WishListViewController.swift */; };
		97E7A4362B3774E700A1C20E /* WishListView.xib in Resources */ = {isa = PBXBuildFile; fileRef = 97E7A4352B3774E700A1C20E /* WishListView.xib */; };
		97E7A4392B37773C00A1C20E /* WishListViewController+CollectionView.swift in Sources */ = {isa = PBXBuildFile; fileRef = 97E7A4382B37773C00A1C20E /* WishListViewController+CollectionView.swift */; };
		97E7A43B2B37776500A1C20E /* WishListViewController+Search.swift in Sources */ = {isa = PBXBuildFile; fileRef = 97E7A43A2B37776500A1C20E /* WishListViewController+Search.swift */; };
		97EEFABE2B2BB5B300065A8A /* ProductCell.xib in Resources */ = {isa = PBXBuildFile; fileRef = 97EEFABD2B2BB5B300065A8A /* ProductCell.xib */; };
		97EEFAEC2B2E71BD00065A8A /* SmallCategoryCell.swift in Sources */ = {isa = PBXBuildFile; fileRef = 97EEFAEA2B2E71BD00065A8A /* SmallCategoryCell.swift */; };
		97EEFAED2B2E71BD00065A8A /* SmallCategoryCell.xib in Resources */ = {isa = PBXBuildFile; fileRef = 97EEFAEB2B2E71BD00065A8A /* SmallCategoryCell.xib */; };
/* End PBXBuildFile section */

/* Begin PBXFileReference section */
		970EECC72B2FD40A009D53C7 /* ProductDetailView.xib */ = {isa = PBXFileReference; fileEncoding = 4; lastKnownFileType = file.xib; path = ProductDetailView.xib; sourceTree = "<group>"; };
		970EECC92B310715009D53C7 /* Product.swift */ = {isa = PBXFileReference; lastKnownFileType = sourcecode.swift; path = Product.swift; sourceTree = "<group>"; };
		970EECCB2B310AC0009D53C7 /* ProductImage.swift */ = {isa = PBXFileReference; lastKnownFileType = sourcecode.swift; path = ProductImage.swift; sourceTree = "<group>"; };
		970EECCD2B310AF5009D53C7 /* ProductVariant.swift */ = {isa = PBXFileReference; lastKnownFileType = sourcecode.swift; path = ProductVariant.swift; sourceTree = "<group>"; };
		970EECCF2B310D4F009D53C7 /* ItemViewModel.swift */ = {isa = PBXFileReference; lastKnownFileType = sourcecode.swift; path = ItemViewModel.swift; sourceTree = "<group>"; };
		970EECD12B31AF6D009D53C7 /* Products.swift */ = {isa = PBXFileReference; lastKnownFileType = sourcecode.swift; path = Products.swift; sourceTree = "<group>"; };
		970EECD32B31AF8A009D53C7 /* ProductOption.swift */ = {isa = PBXFileReference; lastKnownFileType = sourcecode.swift; path = ProductOption.swift; sourceTree = "<group>"; };
		970EECD52B33304C009D53C7 /* ImageCell.swift */ = {isa = PBXFileReference; lastKnownFileType = sourcecode.swift; path = ImageCell.swift; sourceTree = "<group>"; };
		970EECD62B33304C009D53C7 /* ImageCell.xib */ = {isa = PBXFileReference; lastKnownFileType = file.xib; path = ImageCell.xib; sourceTree = "<group>"; };
		970EECDB2B338DA2009D53C7 /* Collection.swift */ = {isa = PBXFileReference; lastKnownFileType = sourcecode.swift; path = Collection.swift; sourceTree = "<group>"; };
		970EECDD2B33A649009D53C7 /* CollectionsAPI.swift */ = {isa = PBXFileReference; lastKnownFileType = sourcecode.swift; path = CollectionsAPI.swift; sourceTree = "<group>"; };
		970EECDF2B33ABFF009D53C7 /* CollectionsAPIServiceAdapter.swift */ = {isa = PBXFileReference; lastKnownFileType = sourcecode.swift; path = CollectionsAPIServiceAdapter.swift; sourceTree = "<group>"; };
		970EECE52B33AE3A009D53C7 /* CollectionCell.swift */ = {isa = PBXFileReference; lastKnownFileType = sourcecode.swift; path = CollectionCell.swift; sourceTree = "<group>"; };
		970EECE62B33AE3A009D53C7 /* CollectionCell.xib */ = {isa = PBXFileReference; lastKnownFileType = file.xib; path = CollectionCell.xib; sourceTree = "<group>"; };
		972FABDA2B3B806B0017114A /* ProfileView.xib */ = {isa = PBXFileReference; lastKnownFileType = file.xib; path = ProfileView.xib; sourceTree = "<group>"; };
		972FABDC2B3B8FB30017114A /* ProfileView.swift */ = {isa = PBXFileReference; lastKnownFileType = sourcecode.swift; path = ProfileView.swift; sourceTree = "<group>"; };
		972FABDE2B3C9A9F0017114A /* Order.swift */ = {isa = PBXFileReference; lastKnownFileType = sourcecode.swift; path = Order.swift; sourceTree = "<group>"; };
		972FABE02B3C9B680017114A /* List.swift */ = {isa = PBXFileReference; lastKnownFileType = sourcecode.swift; path = List.swift; sourceTree = "<group>"; };
		972FABE42B3C9F070017114A /* OrdersViewModel.swift */ = {isa = PBXFileReference; lastKnownFileType = sourcecode.swift; path = OrdersViewModel.swift; sourceTree = "<group>"; };
		972FABE62B3D0B710017114A /* ListsViewModel.swift */ = {isa = PBXFileReference; lastKnownFileType = sourcecode.swift; path = ListsViewModel.swift; sourceTree = "<group>"; };
		972FABE82B3DEA8B0017114A /* ViewController.swift */ = {isa = PBXFileReference; lastKnownFileType = sourcecode.swift; path = ViewController.swift; sourceTree = "<group>"; };
		972FABEA2B3DEAFC0017114A /* UIView.swift */ = {isa = PBXFileReference; lastKnownFileType = sourcecode.swift; path = UIView.swift; sourceTree = "<group>"; };
		972FAC122B3E456A0017114A /* OrdersViewController.swift */ = {isa = PBXFileReference; lastKnownFileType = sourcecode.swift; path = OrdersViewController.swift; sourceTree = "<group>"; };
		972FAC132B3E456A0017114A /* OrdersViewController.xib */ = {isa = PBXFileReference; lastKnownFileType = file.xib; path = OrdersViewController.xib; sourceTree = "<group>"; };
		972FAC182B3E465F0017114A /* OrderCellView.swift */ = {isa = PBXFileReference; lastKnownFileType = sourcecode.swift; path = OrderCellView.swift; sourceTree = "<group>"; };
		972FAC192B3E465F0017114A /* OrderCellView.xib */ = {isa = PBXFileReference; lastKnownFileType = file.xib; path = OrderCellView.xib; sourceTree = "<group>"; };
		972FAC1D2B3E50530017114A /* OrdersTableViewDelegate.swift */ = {isa = PBXFileReference; lastKnownFileType = sourcecode.swift; path = OrdersTableViewDelegate.swift; sourceTree = "<group>"; };
		972FAC1F2B3E51210017114A /* OrdersControllerPresenter.swift */ = {isa = PBXFileReference; lastKnownFileType = sourcecode.swift; path = OrdersControllerPresenter.swift; sourceTree = "<group>"; };
		972FAC232B3E52CE0017114A /* OrderDetailViewController.swift */ = {isa = PBXFileReference; lastKnownFileType = sourcecode.swift; path = OrderDetailViewController.swift; sourceTree = "<group>"; };
		972FAC242B3E52CE0017114A /* OrderDetailViewController.xib */ = {isa = PBXFileReference; lastKnownFileType = file.xib; path = OrderDetailViewController.xib; sourceTree = "<group>"; };
		972FAC272B3E5F570017114A /* OrderCollectionDelegate.swift */ = {isa = PBXFileReference; lastKnownFileType = sourcecode.swift; path = OrderCollectionDelegate.swift; sourceTree = "<group>"; };
		9737E73B2B29237000735A72 /* CartViewController.swift */ = {isa = PBXFileReference; lastKnownFileType = sourcecode.swift; path = CartViewController.swift; sourceTree = "<group>"; };
		9737E73C2B29237000735A72 /* CartView.xib */ = {isa = PBXFileReference; lastKnownFileType = file.xib; path = CartView.xib; sourceTree = "<group>"; };
		9737E73F2B292F4700735A72 /* CartViewController+TableView.swift */ = {isa = PBXFileReference; lastKnownFileType = sourcecode.swift; path = "CartViewController+TableView.swift"; sourceTree = "<group>"; };
		973CEA472B2796BD00E0487D /* Main.storyboard */ = {isa = PBXFileReference; fileEncoding = 4; lastKnownFileType = file.storyboard; path = Main.storyboard; sourceTree = "<group>"; };
		973CEA4C2B27E48100E0487D /* ProductDetailView.swift */ = {isa = PBXFileReference; lastKnownFileType = sourcecode.swift; path = ProductDetailView.swift; sourceTree = "<group>"; };
		973CEA4E2B27F6F600E0487D /* ProductsViewModel.swift */ = {isa = PBXFileReference; lastKnownFileType = sourcecode.swift; path = ProductsViewModel.swift; sourceTree = "<group>"; };
		973CEA502B28D1D900E0487D /* CartCellView.swift */ = {isa = PBXFileReference; lastKnownFileType = sourcecode.swift; path = CartCellView.swift; sourceTree = "<group>"; };
		973CEA512B28D1D900E0487D /* CartCellView.xib */ = {isa = PBXFileReference; lastKnownFileType = file.xib; path = CartCellView.xib; sourceTree = "<group>"; };
		974DF5C62B345F5300786FC2 /* ProductsCollectionDataSourceAndDelegate.swift */ = {isa = PBXFileReference; lastKnownFileType = sourcecode.swift; path = ProductsCollectionDataSourceAndDelegate.swift; sourceTree = "<group>"; };
		974DF5C92B3476BA00786FC2 /* ParentControllerPresenter.swift */ = {isa = PBXFileReference; lastKnownFileType = sourcecode.swift; path = ParentControllerPresenter.swift; sourceTree = "<group>"; };
		974DF5CD2B34848500786FC2 /* HomeView.xib */ = {isa = PBXFileReference; lastKnownFileType = file.xib; path = HomeView.xib; sourceTree = "<group>"; };
		974DF5D32B34A03C00786FC2 /* HomeViewController+SearchController.swift */ = {isa = PBXFileReference; lastKnownFileType = sourcecode.swift; path = "HomeViewController+SearchController.swift"; sourceTree = "<group>"; };
		974DF5D52B34A77D00786FC2 /* CategoriesCollectionDelegate.swift */ = {isa = PBXFileReference; lastKnownFileType = sourcecode.swift; path = CategoriesCollectionDelegate.swift; sourceTree = "<group>"; };
		974DF5D72B34AB2900786FC2 /* HomeViewController+CategoriesCollection.swift */ = {isa = PBXFileReference; lastKnownFileType = sourcecode.swift; path = "HomeViewController+CategoriesCollection.swift"; sourceTree = "<group>"; };
		974DF5D92B34AB8F00786FC2 /* HomeViewController+ProductsCollection.swift */ = {isa = PBXFileReference; lastKnownFileType = sourcecode.swift; path = "HomeViewController+ProductsCollection.swift"; sourceTree = "<group>"; };
		974DF5DB2B34AF4400786FC2 /* CategoriesView.xib */ = {isa = PBXFileReference; lastKnownFileType = file.xib; path = CategoriesView.xib; sourceTree = "<group>"; };
		974DF5DE2B34B44700786FC2 /* CategoriesCollectionDataSourceAndDelegate.swift */ = {isa = PBXFileReference; lastKnownFileType = sourcecode.swift; path = CategoriesCollectionDataSourceAndDelegate.swift; sourceTree = "<group>"; };
		974DF5E02B34B4D700786FC2 /* CategoriesPresenter.swift */ = {isa = PBXFileReference; lastKnownFileType = sourcecode.swift; path = CategoriesPresenter.swift; sourceTree = "<group>"; };
		974DF5E32B350AA500786FC2 /* CategoryView.xib */ = {isa = PBXFileReference; lastKnownFileType = file.xib; path = CategoryView.xib; sourceTree = "<group>"; };
		974DF5E62B350ED000786FC2 /* CategoryViewController+SearchBar.swift */ = {isa = PBXFileReference; lastKnownFileType = sourcecode.swift; path = "CategoryViewController+SearchBar.swift"; sourceTree = "<group>"; };
		974DF5E82B350F1300786FC2 /* CategoryViewController+Collection.swift */ = {isa = PBXFileReference; lastKnownFileType = sourcecode.swift; path = "CategoryViewController+Collection.swift"; sourceTree = "<group>"; };
		9758B9F12B211B9500F4E8F4 /* HomeViewController.swift */ = {isa = PBXFileReference; lastKnownFileType = sourcecode.swift; path = HomeViewController.swift; sourceTree = "<group>"; };
		9758B9F52B211BBD00F4E8F4 /* ProfileViewController.swift */ = {isa = PBXFileReference; lastKnownFileType = sourcecode.swift; path = ProfileViewController.swift; sourceTree = "<group>"; };
		9758B9F92B211C9700F4E8F4 /* CategoriesViewController.swift */ = {isa = PBXFileReference; lastKnownFileType = sourcecode.swift; path = CategoriesViewController.swift; sourceTree = "<group>"; };
		9758B9FD2B22B53500F4E8F4 /* ProductCell.swift */ = {isa = PBXFileReference; lastKnownFileType = sourcecode.swift; path = ProductCell.swift; sourceTree = "<group>"; };
		9758BA012B23D59000F4E8F4 /* ProductsAPI.swift */ = {isa = PBXFileReference; lastKnownFileType = sourcecode.swift; path = ProductsAPI.swift; sourceTree = "<group>"; };
		9758BA032B23DC9F00F4E8F4 /* Helpers.swift */ = {isa = PBXFileReference; lastKnownFileType = sourcecode.swift; path = Helpers.swift; sourceTree = "<group>"; };
		9758BA052B23DDBC00F4E8F4 /* Constants.swift */ = {isa = PBXFileReference; lastKnownFileType = sourcecode.swift; path = Constants.swift; sourceTree = "<group>"; };
		9758BA092B23F67C00F4E8F4 /* CategoryViewController.swift */ = {isa = PBXFileReference; lastKnownFileType = sourcecode.swift; path = CategoryViewController.swift; sourceTree = "<group>"; };
		9758BA0B2B24AB3400F4E8F4 /* ProductsService.swift */ = {isa = PBXFileReference; lastKnownFileType = sourcecode.swift; path = ProductsService.swift; sourceTree = "<group>"; };
		9758BA0D2B24ABBB00F4E8F4 /* ProductsAPIServiceAdapter.swift */ = {isa = PBXFileReference; lastKnownFileType = sourcecode.swift; path = ProductsAPIServiceAdapter.swift; sourceTree = "<group>"; };
		9758BA1B2B251EB200F4E8F4 /* ProductViewController.swift */ = {isa = PBXFileReference; lastKnownFileType = sourcecode.swift; path = ProductViewController.swift; sourceTree = "<group>"; };
		9790F8E12B3F0A5400597A50 /* OrderCollectionCell.swift */ = {isa = PBXFileReference; lastKnownFileType = sourcecode.swift; path = OrderCollectionCell.swift; sourceTree = "<group>"; };
		9790F8E22B3F0A5400597A50 /* OrderCollectionCell.xib */ = {isa = PBXFileReference; lastKnownFileType = file.xib; path = OrderCollectionCell.xib; sourceTree = "<group>"; };
		9790F8E52B3F109900597A50 /* OrdersCollectionViewDelegate.swift */ = {isa = PBXFileReference; lastKnownFileType = sourcecode.swift; path = OrdersCollectionViewDelegate.swift; sourceTree = "<group>"; };
		9790F8F12B3F25A500597A50 /* ProfileViewPresenter.swift */ = {isa = PBXFileReference; lastKnownFileType = sourcecode.swift; path = ProfileViewPresenter.swift; sourceTree = "<group>"; };
		9790F8F32B3FB44B00597A50 /* ItemCell.swift */ = {isa = PBXFileReference; lastKnownFileType = sourcecode.swift; path = ItemCell.swift; sourceTree = "<group>"; };
		9790F8F42B3FB44B00597A50 /* ItemCell.xib */ = {isa = PBXFileReference; lastKnownFileType = file.xib; path = ItemCell.xib; sourceTree = "<group>"; };
		97B38FF92B1F845900EB90EA /* Shoppy.app */ = {isa = PBXFileReference; explicitFileType = wrapper.application; includeInIndex = 0; path = Shoppy.app; sourceTree = BUILT_PRODUCTS_DIR; };
		97B38FFC2B1F845900EB90EA /* AppDelegate.swift */ = {isa = PBXFileReference; lastKnownFileType = sourcecode.swift; path = AppDelegate.swift; sourceTree = "<group>"; };
		97B38FFE2B1F845900EB90EA /* SceneDelegate.swift */ = {isa = PBXFileReference; lastKnownFileType = sourcecode.swift; path = SceneDelegate.swift; sourceTree = "<group>"; };
		97B390052B1F845B00EB90EA /* Assets.xcassets */ = {isa = PBXFileReference; lastKnownFileType = folder.assetcatalog; path = Assets.xcassets; sourceTree = "<group>"; };
		97B390082B1F845B00EB90EA /* Base */ = {isa = PBXFileReference; lastKnownFileType = file.storyboard; name = Base; path = Base.lproj/LaunchScreen.storyboard; sourceTree = "<group>"; };
		97B3900A2B1F845B00EB90EA /* Info.plist */ = {isa = PBXFileReference; lastKnownFileType = text.plist.xml; path = Info.plist; sourceTree = "<group>"; };
		97B390102B1F857000EB90EA /* MainTabBarController.swift */ = {isa = PBXFileReference; lastKnownFileType = sourcecode.swift; path = MainTabBarController.swift; sourceTree = "<group>"; };
		97B390122B1F92BB00EB90EA /* Observable.swift */ = {isa = PBXFileReference; lastKnownFileType = sourcecode.swift; path = Observable.swift; sourceTree = "<group>"; };
		97E7A4332B37749B00A1C20E /* WishListViewController.swift */ = {isa = PBXFileReference; lastKnownFileType = sourcecode.swift; path = WishListViewController.swift; sourceTree = "<group>"; };
		97E7A4352B3774E700A1C20E /* WishListView.xib */ = {isa = PBXFileReference; lastKnownFileType = file.xib; path = WishListView.xib; sourceTree = "<group>"; };
		97E7A4382B37773C00A1C20E /* WishListViewController+CollectionView.swift */ = {isa = PBXFileReference; lastKnownFileType = sourcecode.swift; path = "WishListViewController+CollectionView.swift"; sourceTree = "<group>"; };
		97E7A43A2B37776500A1C20E /* WishListViewController+Search.swift */ = {isa = PBXFileReference; lastKnownFileType = sourcecode.swift; path = "WishListViewController+Search.swift"; sourceTree = "<group>"; };
		97EEFABD2B2BB5B300065A8A /* ProductCell.xib */ = {isa = PBXFileReference; lastKnownFileType = file.xib; path = ProductCell.xib; sourceTree = "<group>"; };
		97EEFAEA2B2E71BD00065A8A /* SmallCategoryCell.swift */ = {isa = PBXFileReference; lastKnownFileType = sourcecode.swift; path = SmallCategoryCell.swift; sourceTree = "<group>"; };
		97EEFAEB2B2E71BD00065A8A /* SmallCategoryCell.xib */ = {isa = PBXFileReference; lastKnownFileType = file.xib; path = SmallCategoryCell.xib; sourceTree = "<group>"; };
/* End PBXFileReference section */

/* Begin PBXFrameworksBuildPhase section */
		97B38FF62B1F845900EB90EA /* Frameworks */ = {
			isa = PBXFrameworksBuildPhase;
			buildActionMask = 2147483647;
			files = (
				9758BA132B24CA7C00F4E8F4 /* SDWebImage in Frameworks */,
			);
			runOnlyForDeploymentPostprocessing = 0;
		};
/* End PBXFrameworksBuildPhase section */

/* Begin PBXGroup section */
		970EECD92B338D78009D53C7 /* Products */ = {
			isa = PBXGroup;
			children = (
				970EECC92B310715009D53C7 /* Product.swift */,
				970EECD12B31AF6D009D53C7 /* Products.swift */,
				970EECD32B31AF8A009D53C7 /* ProductOption.swift */,
				970EECCD2B310AF5009D53C7 /* ProductVariant.swift */,
				970EECCB2B310AC0009D53C7 /* ProductImage.swift */,
				9758BA0B2B24AB3400F4E8F4 /* ProductsService.swift */,
			);
			path = Products;
			sourceTree = "<group>";
		};
		970EECDA2B338D8D009D53C7 /* Collections */ = {
			isa = PBXGroup;
			children = (
				970EECDB2B338DA2009D53C7 /* Collection.swift */,
			);
			path = Collections;
			sourceTree = "<group>";
		};
		972FAC1C2B3E50260017114A /* OrdersViewController */ = {
			isa = PBXGroup;
			children = (
				972FAC122B3E456A0017114A /* OrdersViewController.swift */,
				972FAC1D2B3E50530017114A /* OrdersTableViewDelegate.swift */,
				972FAC1F2B3E51210017114A /* OrdersControllerPresenter.swift */,
			);
			path = OrdersViewController;
			sourceTree = "<group>";
		};
		972FAC2F2B3E63210017114A /* OrderDetailView */ = {
			isa = PBXGroup;
			children = (
				972FAC232B3E52CE0017114A /* OrderDetailViewController.swift */,
				972FAC272B3E5F570017114A /* OrderCollectionDelegate.swift */,
			);
			path = OrderDetailView;
			sourceTree = "<group>";
		};
		973CEA442B2794B900E0487D /* Networking */ = {
			isa = PBXGroup;
			children = (
				9758BA012B23D59000F4E8F4 /* ProductsAPI.swift */,
				9758BA0D2B24ABBB00F4E8F4 /* ProductsAPIServiceAdapter.swift */,
				970EECDD2B33A649009D53C7 /* CollectionsAPI.swift */,
				970EECDF2B33ABFF009D53C7 /* CollectionsAPIServiceAdapter.swift */,
			);
			path = Networking;
			sourceTree = "<group>";
		};
		973CEA452B27950300E0487D /* Extensions */ = {
			isa = PBXGroup;
			children = (
				9758BA032B23DC9F00F4E8F4 /* Helpers.swift */,
				972FABEA2B3DEAFC0017114A /* UIView.swift */,
				972FABE82B3DEA8B0017114A /* ViewController.swift */,
			);
			path = Extensions;
			sourceTree = "<group>";
		};
		973CEA462B27953A00E0487D /* ViewControllers */ = {
			isa = PBXGroup;
			children = (
				97B390102B1F857000EB90EA /* MainTabBarController.swift */,
				974DF5C82B34769C00786FC2 /* HomeViewController */,
				974DF5DD2B34B42400786FC2 /* CategoriesViewController */,
				974DF5E22B34BB7E00786FC2 /* CartViewController */,
				974DF5E52B350D6E00786FC2 /* CategoryViewController */,
				97E7A4372B37771D00A1C20E /* WishListViewContoller */,
				9790F8E02B3F09BB00597A50 /* ProfileView */,
				972FAC1C2B3E50260017114A /* OrdersViewController */,
				972FAC2F2B3E63210017114A /* OrderDetailView */,
			);
			path = ViewControllers;
			sourceTree = "<group>";
		};
		973CEA492B27D42100E0487D /* ViewModels */ = {
			isa = PBXGroup;
			children = (
				970EECCF2B310D4F009D53C7 /* ItemViewModel.swift */,
				973CEA4E2B27F6F600E0487D /* ProductsViewModel.swift */,
				972FABE42B3C9F070017114A /* OrdersViewModel.swift */,
				972FABE62B3D0B710017114A /* ListsViewModel.swift */,
			);
			path = ViewModels;
			sourceTree = "<group>";
		};
		974DF5C82B34769C00786FC2 /* HomeViewController */ = {
			isa = PBXGroup;
			children = (
				9758B9F12B211B9500F4E8F4 /* HomeViewController.swift */,
				974DF5D32B34A03C00786FC2 /* HomeViewController+SearchController.swift */,
				974DF5D72B34AB2900786FC2 /* HomeViewController+CategoriesCollection.swift */,
				974DF5D92B34AB8F00786FC2 /* HomeViewController+ProductsCollection.swift */,
				974DF5C62B345F5300786FC2 /* ProductsCollectionDataSourceAndDelegate.swift */,
				974DF5D52B34A77D00786FC2 /* CategoriesCollectionDelegate.swift */,
				974DF5C92B3476BA00786FC2 /* ParentControllerPresenter.swift */,
			);
			path = HomeViewController;
			sourceTree = "<group>";
		};
		974DF5DD2B34B42400786FC2 /* CategoriesViewController */ = {
			isa = PBXGroup;
			children = (
				9758B9F92B211C9700F4E8F4 /* CategoriesViewController.swift */,
				974DF5DE2B34B44700786FC2 /* CategoriesCollectionDataSourceAndDelegate.swift */,
				974DF5E02B34B4D700786FC2 /* CategoriesPresenter.swift */,
			);
			path = CategoriesViewController;
			sourceTree = "<group>";
		};
		974DF5E22B34BB7E00786FC2 /* CartViewController */ = {
			isa = PBXGroup;
			children = (
				9737E73B2B29237000735A72 /* CartViewController.swift */,
				9737E73F2B292F4700735A72 /* CartViewController+TableView.swift */,
			);
			path = CartViewController;
			sourceTree = "<group>";
		};
		974DF5E52B350D6E00786FC2 /* CategoryViewController */ = {
			isa = PBXGroup;
			children = (
				9758BA092B23F67C00F4E8F4 /* CategoryViewController.swift */,
				974DF5E62B350ED000786FC2 /* CategoryViewController+SearchBar.swift */,
				974DF5E82B350F1300786FC2 /* CategoryViewController+Collection.swift */,
			);
			path = CategoryViewController;
			sourceTree = "<group>";
		};
		9758BA172B2512B900F4E8F4 /* Models */ = {
			isa = PBXGroup;
			children = (
				970EECD92B338D78009D53C7 /* Products */,
				972FABDE2B3C9A9F0017114A /* Order.swift */,
				972FABE02B3C9B680017114A /* List.swift */,
			);
			path = Models;
			sourceTree = "<group>";
		};
		9758BA192B25130C00F4E8F4 /* Resources */ = {
			isa = PBXGroup;
			children = (
				97B390052B1F845B00EB90EA /* Assets.xcassets */,
				9758BA052B23DDBC00F4E8F4 /* Constants.swift */,
				97B390122B1F92BB00EB90EA /* Observable.swift */,
			);
			path = Resources;
			sourceTree = "<group>";
		};
		9758BA1A2B25132100F4E8F4 /* Views */ = {
			isa = PBXGroup;
			children = (
				9790F8E92B3F232B00597A50 /* HomeView */,
				9790F8EA2B3F233D00597A50 /* CategoriesView */,
				9790F8EB2B3F237600597A50 /* CartView */,
				9790F8F02B3F24B600597A50 /* WishListView */,
				9790F8EF2B3F24A200597A50 /* Product */,
				9790F8EC2B3F241900597A50 /* PrdouctDetailVIew */,
				9790F8ED2B3F244900597A50 /* ProfileView */,
				9790F8EE2B3F248300597A50 /* OrdersView */,
				97B390072B1F845B00EB90EA /* LaunchScreen.storyboard */,
			);
			path = Views;
			sourceTree = "<group>";
		};
		9790F8E02B3F09BB00597A50 /* ProfileView */ = {
			isa = PBXGroup;
			children = (
				9758B9F52B211BBD00F4E8F4 /* ProfileViewController.swift */,
				9790F8E52B3F109900597A50 /* OrdersCollectionViewDelegate.swift */,
				9790F8F12B3F25A500597A50 /* ProfileViewPresenter.swift */,
			);
			path = ProfileView;
			sourceTree = "<group>";
		};
		9790F8E92B3F232B00597A50 /* HomeView */ = {
			isa = PBXGroup;
			children = (
				974DF5CD2B34848500786FC2 /* HomeView.xib */,
				97EEFAEA2B2E71BD00065A8A /* SmallCategoryCell.swift */,
				97EEFAEB2B2E71BD00065A8A /* SmallCategoryCell.xib */,
			);
			path = HomeView;
			sourceTree = "<group>";
		};
		9790F8EA2B3F233D00597A50 /* CategoriesView */ = {
			isa = PBXGroup;
			children = (
				974DF5DB2B34AF4400786FC2 /* CategoriesView.xib */,
				970EECE52B33AE3A009D53C7 /* CollectionCell.swift */,
				970EECE62B33AE3A009D53C7 /* CollectionCell.xib */,
				974DF5E32B350AA500786FC2 /* CategoryView.xib */,
			);
			path = CategoriesView;
			sourceTree = "<group>";
		};
		9790F8EB2B3F237600597A50 /* CartView */ = {
			isa = PBXGroup;
			children = (
				9737E73C2B29237000735A72 /* CartView.xib */,
				973CEA502B28D1D900E0487D /* CartCellView.swift */,
				973CEA512B28D1D900E0487D /* CartCellView.xib */,
			);
			path = CartView;
			sourceTree = "<group>";
		};
		9790F8EC2B3F241900597A50 /* PrdouctDetailVIew */ = {
			isa = PBXGroup;
			children = (
				973CEA4C2B27E48100E0487D /* ProductDetailView.swift */,
				970EECC72B2FD40A009D53C7 /* ProductDetailView.xib */,
				970EECD52B33304C009D53C7 /* ImageCell.swift */,
				970EECD62B33304C009D53C7 /* ImageCell.xib */,
			);
			path = PrdouctDetailVIew;
			sourceTree = "<group>";
		};
		9790F8ED2B3F244900597A50 /* ProfileView */ = {
			isa = PBXGroup;
			children = (
				972FABDC2B3B8FB30017114A /* ProfileView.swift */,
				972FABDA2B3B806B0017114A /* ProfileView.xib */,
				9790F8E12B3F0A5400597A50 /* OrderCollectionCell.swift */,
				9790F8E22B3F0A5400597A50 /* OrderCollectionCell.xib */,
			);
			path = ProfileView;
			sourceTree = "<group>";
		};
		9790F8EE2B3F248300597A50 /* OrdersView */ = {
			isa = PBXGroup;
			children = (
				972FAC132B3E456A0017114A /* OrdersViewController.xib */,
				972FAC192B3E465F0017114A /* OrderCellView.xib */,
				972FAC182B3E465F0017114A /* OrderCellView.swift */,
				972FAC242B3E52CE0017114A /* OrderDetailViewController.xib */,
				9790F8F32B3FB44B00597A50 /* ItemCell.swift */,
				9790F8F42B3FB44B00597A50 /* ItemCell.xib */,
			);
			path = OrdersView;
			sourceTree = "<group>";
		};
		9790F8EF2B3F24A200597A50 /* Product */ = {
			isa = PBXGroup;
			children = (
				9758B9FD2B22B53500F4E8F4 /* ProductCell.swift */,
				97EEFABD2B2BB5B300065A8A /* ProductCell.xib */,
			);
			path = Product;
			sourceTree = "<group>";
		};
		9790F8F02B3F24B600597A50 /* WishListView */ = {
			isa = PBXGroup;
			children = (
				97E7A4352B3774E700A1C20E /* WishListView.xib */,
			);
			path = WishListView;
			sourceTree = "<group>";
		};
		97B38FF02B1F845900EB90EA = {
			isa = PBXGroup;
			children = (
				97B38FFB2B1F845900EB90EA /* Shoppy */,
				97B38FFA2B1F845900EB90EA /* Products */,
			);
			sourceTree = "<group>";
		};
		97B38FFA2B1F845900EB90EA /* Products */ = {
			isa = PBXGroup;
			children = (
				97B38FF92B1F845900EB90EA /* Shoppy.app */,
			);
			name = Products;
			sourceTree = "<group>";
		};
		97B38FFB2B1F845900EB90EA /* Shoppy */ = {
			isa = PBXGroup;
			children = (
				97B38FFC2B1F845900EB90EA /* AppDelegate.swift */,
				97B38FFE2B1F845900EB90EA /* SceneDelegate.swift */,
				973CEA492B27D42100E0487D /* ViewModels */,
				973CEA462B27953A00E0487D /* ViewControllers */,
				9758BA1B2B251EB200F4E8F4 /* ProductViewController.swift */,
				9758BA1A2B25132100F4E8F4 /* Views */,
				9758BA172B2512B900F4E8F4 /* Models */,
				970EECDA2B338D8D009D53C7 /* Collections */,
				973CEA442B2794B900E0487D /* Networking */,
				973CEA452B27950300E0487D /* Extensions */,
				9758BA192B25130C00F4E8F4 /* Resources */,
				97B3900A2B1F845B00EB90EA /* Info.plist */,
				973CEA472B2796BD00E0487D /* Main.storyboard */,
			);
			path = Shoppy;
			sourceTree = "<group>";
		};
		97E7A4372B37771D00A1C20E /* WishListViewContoller */ = {
			isa = PBXGroup;
			children = (
				97E7A4332B37749B00A1C20E /* WishListViewController.swift */,
				97E7A4382B37773C00A1C20E /* WishListViewController+CollectionView.swift */,
				97E7A43A2B37776500A1C20E /* WishListViewController+Search.swift */,
			);
			path = WishListViewContoller;
			sourceTree = "<group>";
		};
/* End PBXGroup section */

/* Begin PBXNativeTarget section */
		97B38FF82B1F845900EB90EA /* Shoppy */ = {
			isa = PBXNativeTarget;
			buildConfigurationList = 97B3900D2B1F845B00EB90EA /* Build configuration list for PBXNativeTarget "Shoppy" */;
			buildPhases = (
				97B38FF52B1F845900EB90EA /* Sources */,
				97B38FF62B1F845900EB90EA /* Frameworks */,
				97B38FF72B1F845900EB90EA /* Resources */,
			);
			buildRules = (
			);
			dependencies = (
			);
			name = Shoppy;
			packageProductDependencies = (
				9758BA122B24CA7C00F4E8F4 /* SDWebImage */,
			);
			productName = Shoppy;
			productReference = 97B38FF92B1F845900EB90EA /* Shoppy.app */;
			productType = "com.apple.product-type.application";
		};
/* End PBXNativeTarget section */

/* Begin PBXProject section */
		97B38FF12B1F845900EB90EA /* Project object */ = {
			isa = PBXProject;
			attributes = {
				BuildIndependentTargetsInParallel = 1;
				LastSwiftUpdateCheck = 1500;
				LastUpgradeCheck = 1500;
				TargetAttributes = {
					97B38FF82B1F845900EB90EA = {
						CreatedOnToolsVersion = 15.0.1;
					};
				};
			};
			buildConfigurationList = 97B38FF42B1F845900EB90EA /* Build configuration list for PBXProject "Shoppy" */;
			compatibilityVersion = "Xcode 14.0";
			developmentRegion = en;
			hasScannedForEncodings = 0;
			knownRegions = (
				en,
				Base,
			);
			mainGroup = 97B38FF02B1F845900EB90EA;
			packageReferences = (
				9758BA112B24CA7C00F4E8F4 /* XCRemoteSwiftPackageReference "SDWebImage" */,
			);
			productRefGroup = 97B38FFA2B1F845900EB90EA /* Products */;
			projectDirPath = "";
			projectRoot = "";
			targets = (
				97B38FF82B1F845900EB90EA /* Shoppy */,
			);
		};
/* End PBXProject section */

/* Begin PBXResourcesBuildPhase section */
		97B38FF72B1F845900EB90EA /* Resources */ = {
			isa = PBXResourcesBuildPhase;
			buildActionMask = 2147483647;
			files = (
				973CEA482B2796BD00E0487D /* Main.storyboard in Resources */,
				97B390092B1F845B00EB90EA /* LaunchScreen.storyboard in Resources */,
				972FAC262B3E52CE0017114A /* OrderDetailViewController.xib in Resources */,
				970EECD82B33304C009D53C7 /* ImageCell.xib in Resources */,
				970EECC82B2FD40A009D53C7 /* ProductDetailView.xib in Resources */,
				974DF5CE2B34848500786FC2 /* HomeView.xib in Resources */,
				97E7A4362B3774E700A1C20E /* WishListView.xib in Resources */,
				974DF5DC2B34AF4400786FC2 /* CategoriesView.xib in Resources */,
				972FAC152B3E456B0017114A /* OrdersViewController.xib in Resources */,
				97EEFABE2B2BB5B300065A8A /* ProductCell.xib in Resources */,
				972FAC1B2B3E465F0017114A /* OrderCellView.xib in Resources */,
				973CEA532B28D1D900E0487D /* CartCellView.xib in Resources */,
				9790F8F62B3FB44B00597A50 /* ItemCell.xib in Resources */,
				970EECE82B33AE3A009D53C7 /* CollectionCell.xib in Resources */,
				97EEFAED2B2E71BD00065A8A /* SmallCategoryCell.xib in Resources */,
				972FABDB2B3B806B0017114A /* ProfileView.xib in Resources */,
				9790F8E42B3F0A5400597A50 /* OrderCollectionCell.xib in Resources */,
				9737E73E2B29237000735A72 /* CartView.xib in Resources */,
				974DF5E42B350AA500786FC2 /* CategoryView.xib in Resources */,
				97B390062B1F845B00EB90EA /* Assets.xcassets in Resources */,
			);
			runOnlyForDeploymentPostprocessing = 0;
		};
/* End PBXResourcesBuildPhase section */

/* Begin PBXSourcesBuildPhase section */
		97B38FF52B1F845900EB90EA /* Sources */ = {
			isa = PBXSourcesBuildPhase;
			buildActionMask = 2147483647;
			files = (
				972FABEB2B3DEAFC0017114A /* UIView.swift in Sources */,
				9758B9FA2B211C9700F4E8F4 /* CategoriesViewController.swift in Sources */,
				972FAC1A2B3E465F0017114A /* OrderCellView.swift in Sources */,
				970EECE72B33AE3A009D53C7 /* CollectionCell.swift in Sources */,
				974DF5E12B34B4D700786FC2 /* CategoriesPresenter.swift in Sources */,
				9758BA042B23DC9F00F4E8F4 /* Helpers.swift in Sources */,
				974DF5E92B350F1300786FC2 /* CategoryViewController+Collection.swift in Sources */,
				9758BA0E2B24ABBB00F4E8F4 /* ProductsAPIServiceAdapter.swift in Sources */,
				974DF5C72B345F5300786FC2 /* ProductsCollectionDataSourceAndDelegate.swift in Sources */,
				974DF5DF2B34B44700786FC2 /* CategoriesCollectionDataSourceAndDelegate.swift in Sources */,
				9790F8E62B3F109900597A50 /* OrdersCollectionViewDelegate.swift in Sources */,
				9758BA0A2B23F67C00F4E8F4 /* CategoryViewController.swift in Sources */,
				972FABE92B3DEA8B0017114A /* ViewController.swift in Sources */,
				972FAC252B3E52CE0017114A /* OrderDetailViewController.swift in Sources */,
				9737E73D2B29237000735A72 /* CartViewController.swift in Sources */,
				97E7A4392B37773C00A1C20E /* WishListViewController+CollectionView.swift in Sources */,
				970EECD42B31AF8A009D53C7 /* ProductOption.swift in Sources */,
				97E7A43B2B37776500A1C20E /* WishListViewController+Search.swift in Sources */,
				9758B9FE2B22B53500F4E8F4 /* ProductCell.swift in Sources */,
				97B390132B1F92BB00EB90EA /* Observable.swift in Sources */,
				972FAC282B3E5F570017114A /* OrderCollectionDelegate.swift in Sources */,
				972FABDF2B3C9A9F0017114A /* Order.swift in Sources */,
				97E7A4342B37749B00A1C20E /* WishListViewController.swift in Sources */,
				972FABE12B3C9B680017114A /* List.swift in Sources */,
				9790F8F52B3FB44B00597A50 /* ItemCell.swift in Sources */,
				972FAC202B3E51210017114A /* OrdersControllerPresenter.swift in Sources */,
				970EECDE2B33A649009D53C7 /* CollectionsAPI.swift in Sources */,
				9758BA062B23DDBC00F4E8F4 /* Constants.swift in Sources */,
				970EECDC2B338DA2009D53C7 /* Collection.swift in Sources */,
				970EECCC2B310AC0009D53C7 /* ProductImage.swift in Sources */,
				972FABE72B3D0B710017114A /* ListsViewModel.swift in Sources */,
				97B38FFD2B1F845900EB90EA /* AppDelegate.swift in Sources */,
				974DF5CA2B3476BA00786FC2 /* ParentControllerPresenter.swift in Sources */,
				974DF5D62B34A77D00786FC2 /* CategoriesCollectionDelegate.swift in Sources */,
				973CEA4D2B27E48100E0487D /* ProductDetailView.swift in Sources */,
				972FABE52B3C9F070017114A /* OrdersViewModel.swift in Sources */,
				973CEA4F2B27F6F600E0487D /* ProductsViewModel.swift in Sources */,
				970EECCE2B310AF5009D53C7 /* ProductVariant.swift in Sources */,
				9758BA022B23D59000F4E8F4 /* ProductsAPI.swift in Sources */,
				97B390112B1F857000EB90EA /* MainTabBarController.swift in Sources */,
				974DF5E72B350ED000786FC2 /* CategoryViewController+SearchBar.swift in Sources */,
				97B38FFF2B1F845900EB90EA /* SceneDelegate.swift in Sources */,
				9737E7402B292F4700735A72 /* CartViewController+TableView.swift in Sources */,
				972FAC142B3E456B0017114A /* OrdersViewController.swift in Sources */,
				970EECD02B310D50009D53C7 /* ItemViewModel.swift in Sources */,
				974DF5D82B34AB2900786FC2 /* HomeViewController+CategoriesCollection.swift in Sources */,
				973CEA522B28D1D900E0487D /* CartCellView.swift in Sources */,
				9758BA0C2B24AB3400F4E8F4 /* ProductsService.swift in Sources */,
				970EECCA2B310715009D53C7 /* Product.swift in Sources */,
				974DF5D42B34A03C00786FC2 /* HomeViewController+SearchController.swift in Sources */,
				970EECE02B33ABFF009D53C7 /* CollectionsAPIServiceAdapter.swift in Sources */,
				974DF5DA2B34AB8F00786FC2 /* HomeViewController+ProductsCollection.swift in Sources */,
				9758B9F62B211BBD00F4E8F4 /* ProfileViewController.swift in Sources */,
				9790F8F22B3F25A500597A50 /* ProfileViewPresenter.swift in Sources */,
				972FAC1E2B3E50530017114A /* OrdersTableViewDelegate.swift in Sources */,
				972FABDD2B3B8FB30017114A /* ProfileView.swift in Sources */,
				9758BA1C2B251EB200F4E8F4 /* ProductViewController.swift in Sources */,
				97EEFAEC2B2E71BD00065A8A /* SmallCategoryCell.swift in Sources */,
				970EECD22B31AF6D009D53C7 /* Products.swift in Sources */,
				9758B9F22B211B9500F4E8F4 /* HomeViewController.swift in Sources */,
				9790F8E32B3F0A5400597A50 /* OrderCollectionCell.swift in Sources */,
				970EECD72B33304C009D53C7 /* ImageCell.swift in Sources */,
			);
			runOnlyForDeploymentPostprocessing = 0;
		};
/* End PBXSourcesBuildPhase section */

/* Begin PBXVariantGroup section */
		97B390072B1F845B00EB90EA /* LaunchScreen.storyboard */ = {
			isa = PBXVariantGroup;
			children = (
				97B390082B1F845B00EB90EA /* Base */,
			);
			name = LaunchScreen.storyboard;
			sourceTree = "<group>";
		};
/* End PBXVariantGroup section */

/* Begin XCBuildConfiguration section */
		97B3900B2B1F845B00EB90EA /* Debug */ = {
			isa = XCBuildConfiguration;
			buildSettings = {
				ALWAYS_SEARCH_USER_PATHS = NO;
				ASSETCATALOG_COMPILER_GENERATE_SWIFT_ASSET_SYMBOL_EXTENSIONS = YES;
				CLANG_ANALYZER_NONNULL = YES;
				CLANG_ANALYZER_NUMBER_OBJECT_CONVERSION = YES_AGGRESSIVE;
				CLANG_CXX_LANGUAGE_STANDARD = "gnu++20";
				CLANG_ENABLE_MODULES = YES;
				CLANG_ENABLE_OBJC_ARC = YES;
				CLANG_ENABLE_OBJC_WEAK = YES;
				CLANG_WARN_BLOCK_CAPTURE_AUTORELEASING = YES;
				CLANG_WARN_BOOL_CONVERSION = YES;
				CLANG_WARN_COMMA = YES;
				CLANG_WARN_CONSTANT_CONVERSION = YES;
				CLANG_WARN_DEPRECATED_OBJC_IMPLEMENTATIONS = YES;
				CLANG_WARN_DIRECT_OBJC_ISA_USAGE = YES_ERROR;
				CLANG_WARN_DOCUMENTATION_COMMENTS = YES;
				CLANG_WARN_EMPTY_BODY = YES;
				CLANG_WARN_ENUM_CONVERSION = YES;
				CLANG_WARN_INFINITE_RECURSION = YES;
				CLANG_WARN_INT_CONVERSION = YES;
				CLANG_WARN_NON_LITERAL_NULL_CONVERSION = YES;
				CLANG_WARN_OBJC_IMPLICIT_RETAIN_SELF = YES;
				CLANG_WARN_OBJC_LITERAL_CONVERSION = YES;
				CLANG_WARN_OBJC_ROOT_CLASS = YES_ERROR;
				CLANG_WARN_QUOTED_INCLUDE_IN_FRAMEWORK_HEADER = YES;
				CLANG_WARN_RANGE_LOOP_ANALYSIS = YES;
				CLANG_WARN_STRICT_PROTOTYPES = YES;
				CLANG_WARN_SUSPICIOUS_MOVE = YES;
				CLANG_WARN_UNGUARDED_AVAILABILITY = YES_AGGRESSIVE;
				CLANG_WARN_UNREACHABLE_CODE = YES;
				CLANG_WARN__DUPLICATE_METHOD_MATCH = YES;
				COPY_PHASE_STRIP = NO;
				DEBUG_INFORMATION_FORMAT = dwarf;
				ENABLE_STRICT_OBJC_MSGSEND = YES;
				ENABLE_TESTABILITY = YES;
				ENABLE_USER_SCRIPT_SANDBOXING = YES;
				GCC_C_LANGUAGE_STANDARD = gnu17;
				GCC_DYNAMIC_NO_PIC = NO;
				GCC_NO_COMMON_BLOCKS = YES;
				GCC_OPTIMIZATION_LEVEL = 0;
				GCC_PREPROCESSOR_DEFINITIONS = (
					"DEBUG=1",
					"$(inherited)",
				);
				GCC_WARN_64_TO_32_BIT_CONVERSION = YES;
				GCC_WARN_ABOUT_RETURN_TYPE = YES_ERROR;
				GCC_WARN_UNDECLARED_SELECTOR = YES;
				GCC_WARN_UNINITIALIZED_AUTOS = YES_AGGRESSIVE;
				GCC_WARN_UNUSED_FUNCTION = YES;
				GCC_WARN_UNUSED_VARIABLE = YES;
				IPHONEOS_DEPLOYMENT_TARGET = 17.0;
				LOCALIZATION_PREFERS_STRING_CATALOGS = YES;
				MTL_ENABLE_DEBUG_INFO = INCLUDE_SOURCE;
				MTL_FAST_MATH = YES;
				ONLY_ACTIVE_ARCH = YES;
				SDKROOT = iphoneos;
				SWIFT_ACTIVE_COMPILATION_CONDITIONS = "DEBUG $(inherited)";
				SWIFT_OPTIMIZATION_LEVEL = "-Onone";
			};
			name = Debug;
		};
		97B3900C2B1F845B00EB90EA /* Release */ = {
			isa = XCBuildConfiguration;
			buildSettings = {
				ALWAYS_SEARCH_USER_PATHS = NO;
				ASSETCATALOG_COMPILER_GENERATE_SWIFT_ASSET_SYMBOL_EXTENSIONS = YES;
				CLANG_ANALYZER_NONNULL = YES;
				CLANG_ANALYZER_NUMBER_OBJECT_CONVERSION = YES_AGGRESSIVE;
				CLANG_CXX_LANGUAGE_STANDARD = "gnu++20";
				CLANG_ENABLE_MODULES = YES;
				CLANG_ENABLE_OBJC_ARC = YES;
				CLANG_ENABLE_OBJC_WEAK = YES;
				CLANG_WARN_BLOCK_CAPTURE_AUTORELEASING = YES;
				CLANG_WARN_BOOL_CONVERSION = YES;
				CLANG_WARN_COMMA = YES;
				CLANG_WARN_CONSTANT_CONVERSION = YES;
				CLANG_WARN_DEPRECATED_OBJC_IMPLEMENTATIONS = YES;
				CLANG_WARN_DIRECT_OBJC_ISA_USAGE = YES_ERROR;
				CLANG_WARN_DOCUMENTATION_COMMENTS = YES;
				CLANG_WARN_EMPTY_BODY = YES;
				CLANG_WARN_ENUM_CONVERSION = YES;
				CLANG_WARN_INFINITE_RECURSION = YES;
				CLANG_WARN_INT_CONVERSION = YES;
				CLANG_WARN_NON_LITERAL_NULL_CONVERSION = YES;
				CLANG_WARN_OBJC_IMPLICIT_RETAIN_SELF = YES;
				CLANG_WARN_OBJC_LITERAL_CONVERSION = YES;
				CLANG_WARN_OBJC_ROOT_CLASS = YES_ERROR;
				CLANG_WARN_QUOTED_INCLUDE_IN_FRAMEWORK_HEADER = YES;
				CLANG_WARN_RANGE_LOOP_ANALYSIS = YES;
				CLANG_WARN_STRICT_PROTOTYPES = YES;
				CLANG_WARN_SUSPICIOUS_MOVE = YES;
				CLANG_WARN_UNGUARDED_AVAILABILITY = YES_AGGRESSIVE;
				CLANG_WARN_UNREACHABLE_CODE = YES;
				CLANG_WARN__DUPLICATE_METHOD_MATCH = YES;
				COPY_PHASE_STRIP = NO;
				DEBUG_INFORMATION_FORMAT = "dwarf-with-dsym";
				ENABLE_NS_ASSERTIONS = NO;
				ENABLE_STRICT_OBJC_MSGSEND = YES;
				ENABLE_USER_SCRIPT_SANDBOXING = YES;
				GCC_C_LANGUAGE_STANDARD = gnu17;
				GCC_NO_COMMON_BLOCKS = YES;
				GCC_WARN_64_TO_32_BIT_CONVERSION = YES;
				GCC_WARN_ABOUT_RETURN_TYPE = YES_ERROR;
				GCC_WARN_UNDECLARED_SELECTOR = YES;
				GCC_WARN_UNINITIALIZED_AUTOS = YES_AGGRESSIVE;
				GCC_WARN_UNUSED_FUNCTION = YES;
				GCC_WARN_UNUSED_VARIABLE = YES;
				IPHONEOS_DEPLOYMENT_TARGET = 17.0;
				LOCALIZATION_PREFERS_STRING_CATALOGS = YES;
				MTL_ENABLE_DEBUG_INFO = NO;
				MTL_FAST_MATH = YES;
				SDKROOT = iphoneos;
				SWIFT_COMPILATION_MODE = wholemodule;
				VALIDATE_PRODUCT = YES;
			};
			name = Release;
		};
		97B3900E2B1F845B00EB90EA /* Debug */ = {
			isa = XCBuildConfiguration;
			buildSettings = {
				ASSETCATALOG_COMPILER_APPICON_NAME = AppIcon;
				ASSETCATALOG_COMPILER_GLOBAL_ACCENT_COLOR_NAME = AccentColor;
				CODE_SIGN_STYLE = Automatic;
				CURRENT_PROJECT_VERSION = 1;
				DEVELOPMENT_TEAM = 5H48BX5PSY;
				GENERATE_INFOPLIST_FILE = YES;
				INFOPLIST_FILE = Shoppy/Info.plist;
				INFOPLIST_KEY_UIApplicationSupportsIndirectInputEvents = YES;
				INFOPLIST_KEY_UILaunchStoryboardName = LaunchScreen;
				INFOPLIST_KEY_UISupportedInterfaceOrientations = UIInterfaceOrientationPortrait;
				INFOPLIST_KEY_UISupportedInterfaceOrientations_iPad = "UIInterfaceOrientationLandscapeLeft UIInterfaceOrientationLandscapeRight UIInterfaceOrientationPortrait UIInterfaceOrientationPortraitUpsideDown";
				LD_RUNPATH_SEARCH_PATHS = (
					"$(inherited)",
					"@executable_path/Frameworks",
				);
				MARKETING_VERSION = 1.0;
				PRODUCT_BUNDLE_IDENTIFIER = me.Salah.Azoz.Shoppy;
				PRODUCT_NAME = "$(TARGET_NAME)";
				SUPPORTED_PLATFORMS = "iphoneos iphonesimulator";
				SUPPORTS_MACCATALYST = NO;
				SUPPORTS_MAC_DESIGNED_FOR_IPHONE_IPAD = NO;
				SWIFT_EMIT_LOC_STRINGS = YES;
				SWIFT_VERSION = 5.0;
				TARGETED_DEVICE_FAMILY = 1;
			};
			name = Debug;
		};
		97B3900F2B1F845B00EB90EA /* Release */ = {
			isa = XCBuildConfiguration;
			buildSettings = {
				ASSETCATALOG_COMPILER_APPICON_NAME = AppIcon;
				ASSETCATALOG_COMPILER_GLOBAL_ACCENT_COLOR_NAME = AccentColor;
				CODE_SIGN_STYLE = Automatic;
				CURRENT_PROJECT_VERSION = 1;
				DEVELOPMENT_TEAM = 5H48BX5PSY;
				GENERATE_INFOPLIST_FILE = YES;
				INFOPLIST_FILE = Shoppy/Info.plist;
				INFOPLIST_KEY_UIApplicationSupportsIndirectInputEvents = YES;
				INFOPLIST_KEY_UILaunchStoryboardName = LaunchScreen;
				INFOPLIST_KEY_UISupportedInterfaceOrientations = UIInterfaceOrientationPortrait;
				INFOPLIST_KEY_UISupportedInterfaceOrientations_iPad = "UIInterfaceOrientationLandscapeLeft UIInterfaceOrientationLandscapeRight UIInterfaceOrientationPortrait UIInterfaceOrientationPortraitUpsideDown";
				LD_RUNPATH_SEARCH_PATHS = (
					"$(inherited)",
					"@executable_path/Frameworks",
				);
				MARKETING_VERSION = 1.0;
				PRODUCT_BUNDLE_IDENTIFIER = me.Salah.Azoz.Shoppy;
				PRODUCT_NAME = "$(TARGET_NAME)";
				SUPPORTED_PLATFORMS = "iphoneos iphonesimulator";
				SUPPORTS_MACCATALYST = NO;
				SUPPORTS_MAC_DESIGNED_FOR_IPHONE_IPAD = NO;
				SWIFT_EMIT_LOC_STRINGS = YES;
				SWIFT_VERSION = 5.0;
				TARGETED_DEVICE_FAMILY = 1;
			};
			name = Release;
		};
/* End XCBuildConfiguration section */

/* Begin XCConfigurationList section */
		97B38FF42B1F845900EB90EA /* Build configuration list for PBXProject "Shoppy" */ = {
			isa = XCConfigurationList;
			buildConfigurations = (
				97B3900B2B1F845B00EB90EA /* Debug */,
				97B3900C2B1F845B00EB90EA /* Release */,
			);
			defaultConfigurationIsVisible = 0;
			defaultConfigurationName = Release;
		};
		97B3900D2B1F845B00EB90EA /* Build configuration list for PBXNativeTarget "Shoppy" */ = {
			isa = XCConfigurationList;
			buildConfigurations = (
				97B3900E2B1F845B00EB90EA /* Debug */,
				97B3900F2B1F845B00EB90EA /* Release */,
			);
			defaultConfigurationIsVisible = 0;
			defaultConfigurationName = Release;
		};
/* End XCConfigurationList section */

/* Begin XCRemoteSwiftPackageReference section */
		9758BA112B24CA7C00F4E8F4 /* XCRemoteSwiftPackageReference "SDWebImage" */ = {
			isa = XCRemoteSwiftPackageReference;
			repositoryURL = "https://github.com/SDWebImage/SDWebImage.git";
			requirement = {
				kind = upToNextMajorVersion;
				minimumVersion = 5.18.6;
			};
		};
/* End XCRemoteSwiftPackageReference section */

/* Begin XCSwiftPackageProductDependency section */
		9758BA122B24CA7C00F4E8F4 /* SDWebImage */ = {
			isa = XCSwiftPackageProductDependency;
			package = 9758BA112B24CA7C00F4E8F4 /* XCRemoteSwiftPackageReference "SDWebImage" */;
			productName = SDWebImage;
		};
/* End XCSwiftPackageProductDependency section */
	};
	rootObject = 97B38FF12B1F845900EB90EA /* Project object */;
}
